
Microsoft Visual Studio Solution File, Format Version 12.00
# Visual Studio 2012
Project("{FAE04EC0-301F-11D3-BF4B-00C04F79EFBC}") = "CustomFont", "CustomFont\CustomFont.csproj", "{B6289DE2-484C-4DF0-9BF2-E84298640399}"
EndProject
Project("{FAE04EC0-301F-11D3-BF4B-00C04F79EFBC}") = "CustomFont.iOS", "iOS\CustomFont.iOS.csproj", "{FD7BB0F6-28B9-4870-8D9A-665F2DCC5ACC}"
EndProject
Project("{FAE04EC0-301F-11D3-BF4B-00C04F79EFBC}") = "CustomFont.Droid", "Droid\CustomFont.Droid.csproj", "{1080E7F0-9838-4BD6-92E3-C8ACF63AAC60}"
EndProject
Global
	GlobalSection(SolutionConfigurationPlatforms) = preSolution
		Debug|Any CPU = Debug|Any CPU
		Release|Any CPU = Release|Any CPU
		Debug|iPhoneSimulator = Debug|iPhoneSimulator
		Release|iPhone = Release|iPhone
		Release|iPhoneSimulator = Release|iPhoneSimulator
		Debug|iPhone = Debug|iPhone
	EndGlobalSection
	GlobalSection(ProjectConfigurationPlatforms) = postSolution
		{B6289DE2-484C-4DF0-9BF2-E84298640399}.Debug|Any CPU.ActiveCfg = Debug|Any CPU
		{B6289DE2-484C-4DF0-9BF2-E84298640399}.Debug|Any CPU.Build.0 = Debug|Any CPU
		{B6289DE2-484C-4DF0-9BF2-E84298640399}.Release|Any CPU.ActiveCfg = Release|Any CPU
		{B6289DE2-484C-4DF0-9BF2-E84298640399}.Release|Any CPU.Build.0 = Release|Any CPU
		{B6289DE2-484C-4DF0-9BF2-E84298640399}.Debug|iPhoneSimulator.ActiveCfg = Debug|Any CPU
		{B6289DE2-484C-4DF0-9BF2-E84298640399}.Debug|iPhoneSimulator.Build.0 = Debug|Any CPU
		{B6289DE2-484C-4DF0-9BF2-E84298640399}.Release|iPhone.ActiveCfg = Release|Any CPU
		{B6289DE2-484C-4DF0-9BF2-E84298640399}.Release|iPhone.Build.0 = Release|Any CPU
		{B6289DE2-484C-4DF0-9BF2-E84298640399}.Release|iPhoneSimulator.ActiveCfg = Release|Any CPU
		{B6289DE2-484C-4DF0-9BF2-E84298640399}.Release|iPhoneSimulator.Build.0 = Release|Any CPU
		{B6289DE2-484C-4DF0-9BF2-E84298640399}.Debug|iPhone.ActiveCfg = Debug|Any CPU
		{B6289DE2-484C-4DF0-9BF2-E84298640399}.Debug|iPhone.Build.0 = Debug|Any CPU
		{FD7BB0F6-28B9-4870-8D9A-665F2DCC5ACC}.Debug|Any CPU.ActiveCfg = Debug|iPhoneSimulator
		{FD7BB0F6-28B9-4870-8D9A-665F2DCC5ACC}.Debug|Any CPU.Build.0 = Debug|iPhoneSimulator
		{FD7BB0F6-28B9-4870-8D9A-665F2DCC5ACC}.Release|Any CPU.ActiveCfg = Release|iPhone
		{FD7BB0F6-28B9-4870-8D9A-665F2DCC5ACC}.Release|Any CPU.Build.0 = Release|iPhone
		{FD7BB0F6-28B9-4870-8D9A-665F2DCC5ACC}.Debug|iPhoneSimulator.ActiveCfg = Debug|iPhoneSimulator
		{FD7BB0F6-28B9-4870-8D9A-665F2DCC5ACC}.Debug|iPhoneSimulator.Build.0 = Debug|iPhoneSimulator
		{FD7BB0F6-28B9-4870-8D9A-665F2DCC5ACC}.Release|iPhone.ActiveCfg = Release|iPhone
		{FD7BB0F6-28B9-4870-8D9A-665F2DCC5ACC}.Release|iPhone.Build.0 = Release|iPhone
		{FD7BB0F6-28B9-4870-8D9A-665F2DCC5ACC}.Release|iPhoneSimulator.ActiveCfg = Release|iPhoneSimulator
		{FD7BB0F6-28B9-4870-8D9A-665F2DCC5ACC}.Release|iPhoneSimulator.Build.0 = Release|iPhoneSimulator
		{FD7BB0F6-28B9-4870-8D9A-665F2DCC5ACC}.Debug|iPhone.ActiveCfg = Debug|iPhone
		{FD7BB0F6-28B9-4870-8D9A-665F2DCC5ACC}.Debug|iPhone.Build.0 = Debug|iPhone
		{1080E7F0-9838-4BD6-92E3-C8ACF63AAC60}.Debug|Any CPU.ActiveCfg = Debug|Any CPU
		{1080E7F0-9838-4BD6-92E3-C8ACF63AAC60}.Debug|Any CPU.Build.0 = Debug|Any CPU
		{1080E7F0-9838-4BD6-92E3-C8ACF63AAC60}.Release|Any CPU.ActiveCfg = Release|Any CPU
		{1080E7F0-9838-4BD6-92E3-C8ACF63AAC60}.Release|Any CPU.Build.0 = Release|Any CPU
		{1080E7F0-9838-4BD6-92E3-C8ACF63AAC60}.Debug|iPhoneSimulator.ActiveCfg = Debug|Any CPU
		{1080E7F0-9838-4BD6-92E3-C8ACF63AAC60}.Debug|iPhoneSimulator.Build.0 = Debug|Any CPU
		{1080E7F0-9838-4BD6-92E3-C8ACF63AAC60}.Release|iPhone.ActiveCfg = Release|Any CPU
		{1080E7F0-9838-4BD6-92E3-C8ACF63AAC60}.Release|iPhone.Build.0 = Release|Any CPU
		{1080E7F0-9838-4BD6-92E3-C8ACF63AAC60}.Release|iPhoneSimulator.ActiveCfg = Release|Any CPU
		{1080E7F0-9838-4BD6-92E3-C8ACF63AAC60}.Release|iPhoneSimulator.Build.0 = Release|Any CPU
		{1080E7F0-9838-4BD6-92E3-C8ACF63AAC60}.Debug|iPhone.ActiveCfg = Debug|Any CPU
		{1080E7F0-9838-4BD6-92E3-C8ACF63AAC60}.Debug|iPhone.Build.0 = Debug|Any CPU
	EndGlobalSection
EndGlobal
